# This file was autogenerated by Stack.
# You should not edit this file by hand.
# For more information, please see the documentation at:
#   https://docs.haskellstack.org/en/stable/topics/lock_files

packages:
- completed:
    commit: c5f0fd8446827b1473ef18ea5dcc5d32a256e57d
    git: https://github.com/m4lvin/cudd.git
    name: cudd
    pantry-tree:
      sha256: ad02c8252690f5f12a59f19a53c57e0db0b559c97078f07ec63b45256773bb1f
      size: 20735
    version: 0.1.0.0
  original:
    commit: c5f0fd8446827b1473ef18ea5dcc5d32a256e57d
    git: https://github.com/m4lvin/cudd.git
- completed:
    hackage: HasCacBDD-0.2.0.0@sha256:14bcfba6c2b64626cff99673b351547bda115d59124847dd1898ea56a075a29c,1772
    pantry-tree:
      sha256: 0fbcced90eca3b427b05e6516e29d964eb39eb0d8a708c07549ad96cfcbb473b
      size: 1727
  original:
    hackage: HasCacBDD-0.2.0.0
- completed:
    hackage: decision-diagrams-0.2.0.0@sha256:a973d0e448cb4cb409f93b210bf7f968c893a2152c1e2f81b2e9c922f83f9b76,3423
    pantry-tree:
      sha256: 26973e8414beb08901551df63b078fa543aa80ddf46ee2f42e411b246dd79066
      size: 866
  original:
    hackage: decision-diagrams-0.2.0.0
snapshots:
- completed:
    sha256: a81fb3877c4f9031e1325eb3935122e608d80715dc16b586eb11ddbff8671ecd
    size: 640086
    url: https://raw.githubusercontent.com/commercialhaskell/stackage-snapshots/master/lts/21/25.yaml
  original: lts-21.25
